// !$*UTF8*$!
{
	archiveVersion = 1;
	classes = {
	};
	objectVersion = 55;
	objects = {

/* Begin PBXBuildFile section */
		DEA855512868F20D003BFE06 /* AppDelegate.swift in Sources */ = {isa = PBXBuildFile; fileRef = DEA855502868F20D003BFE06 /* AppDelegate.swift */; };
		DEA855532868F20D003BFE06 /* SceneDelegate.swift in Sources */ = {isa = PBXBuildFile; fileRef = DEA855522868F20D003BFE06 /* SceneDelegate.swift */; };
		DEA855552868F20D003BFE06 /* HomeViewController.swift in Sources */ = {isa = PBXBuildFile; fileRef = DEA855542868F20D003BFE06 /* HomeViewController.swift */; };
		DEA855582868F20D003BFE06 /* Main.storyboard in Resources */ = {isa = PBXBuildFile; fileRef = DEA855562868F20D003BFE06 /* Main.storyboard */; };
		DEA8555A2868F20F003BFE06 /* Assets.xcassets in Resources */ = {isa = PBXBuildFile; fileRef = DEA855592868F20F003BFE06 /* Assets.xcassets */; };
		DEA8555D2868F20F003BFE06 /* LaunchScreen.storyboard in Resources */ = {isa = PBXBuildFile; fileRef = DEA8555B2868F20F003BFE06 /* LaunchScreen.storyboard */; };
		DEA855652868F3DB003BFE06 /* CustomTableViewCell.swift in Sources */ = {isa = PBXBuildFile; fileRef = DEA855642868F3DB003BFE06 /* CustomTableViewCell.swift */; };
		DEA855672868F97C003BFE06 /* Model.swift in Sources */ = {isa = PBXBuildFile; fileRef = DEA855662868F97C003BFE06 /* Model.swift */; };
		DEA855692868F995003BFE06 /* Service.swift in Sources */ = {isa = PBXBuildFile; fileRef = DEA855682868F995003BFE06 /* Service.swift */; };
/* End PBXBuildFile section */

/* Begin PBXFileReference section */
		DEA8554D2868F20D003BFE06 /* TableView w CustomCell Tutorial.app */ = {isa = PBXFileReference; explicitFileType = wrapper.application; includeInIndex = 0; path = "TableView w CustomCell Tutorial.app"; sourceTree = BUILT_PRODUCTS_DIR; };
		DEA855502868F20D003BFE06 /* AppDelegate.swift */ = {isa = PBXFileReference; lastKnownFileType = sourcecode.swift; path = AppDelegate.swift; sourceTree = "<group>"; };
		DEA855522868F20D003BFE06 /* SceneDelegate.swift */ = {isa = PBXFileReference; lastKnownFileType = sourcecode.swift; path = SceneDelegate.swift; sourceTree = "<group>"; };
		DEA855542868F20D003BFE06 /* HomeViewController.swift */ = {isa = PBXFileReference; lastKnownFileType = sourcecode.swift; path = HomeViewController.swift; sourceTree = "<group>"; };
		DEA855572868F20D003BFE06 /* Base */ = {isa = PBXFileReference; lastKnownFileType = file.storyboard; name = Base; path = Base.lproj/Main.storyboard; sourceTree = "<group>"; };
		DEA855592868F20F003BFE06 /* Assets.xcassets */ = {isa = PBXFileReference; lastKnownFileType = folder.assetcatalog; path = Assets.xcassets; sourceTree = "<group>"; };
		DEA8555C2868F20F003BFE06 /* Base */ = {isa = PBXFileReference; lastKnownFileType = file.storyboard; name = Base; path = Base.lproj/LaunchScreen.storyboard; sourceTree = "<group>"; };
		DEA8555E2868F20F003BFE06 /* Info.plist */ = {isa = PBXFileReference; lastKnownFileType = text.plist.xml; path = Info.plist; sourceTree = "<group>"; };
		DEA855642868F3DB003BFE06 /* CustomTableViewCell.swift */ = {isa = PBXFileReference; lastKnownFileType = sourcecode.swift; path = CustomTableViewCell.swift; sourceTree = "<group>"; };
		DEA855662868F97C003BFE06 /* Model.swift */ = {isa = PBXFileReference; lastKnownFileType = sourcecode.swift; path = Model.swift; sourceTree = "<group>"; };
		DEA855682868F995003BFE06 /* Service.swift */ = {isa = PBXFileReference; lastKnownFileType = sourcecode.swift; path = Service.swift; sourceTree = "<group>"; };
/* End PBXFileReference section */

/* Begin PBXFrameworksBuildPhase section */
		DEA8554A2868F20D003BFE06 /* Frameworks */ = {
			isa = PBXFrameworksBuildPhase;
			buildActionMask = 2147483647;
			files = (
			);
			runOnlyForDeploymentPostprocessing = 0;
		};
/* End PBXFrameworksBuildPhase section */

/* Begin PBXGroup section */
		DEA855442868F20D003BFE06 = {
			isa = PBXGroup;
			children = (
				DEA8554F2868F20D003BFE06 /* TableView w CustomCell Tutorial */,
				DEA8554E2868F20D003BFE06 /* Products */,
			);
			sourceTree = "<group>";
		};
		DEA8554E2868F20D003BFE06 /* Products */ = {
			isa = PBXGroup;
			children = (
				DEA8554D2868F20D003BFE06 /* TableView w CustomCell Tutorial.app */,
			);
			name = Products;
			sourceTree = "<group>";
		};
		DEA8554F2868F20D003BFE06 /* TableView w CustomCell Tutorial */ = {
			isa = PBXGroup;
			children = (
				DEA8556F28690516003BFE06 /* WebService */,
				DEA8556E28690513003BFE06 /* Model */,
				DEA8556C286904FE003BFE06 /* Controllers */,
				DEA8556B286904F3003BFE06 /* View */,
				DEA8556A286904E5003BFE06 /* Resources */,
				DEA8555E2868F20F003BFE06 /* Info.plist */,
			);
			path = "TableView w CustomCell Tutorial";
			sourceTree = "<group>";
		};
		DEA8556A286904E5003BFE06 /* Resources */ = {
			isa = PBXGroup;
			children = (
				DEA855502868F20D003BFE06 /* AppDelegate.swift */,
				DEA855522868F20D003BFE06 /* SceneDelegate.swift */,
				DEA855592868F20F003BFE06 /* Assets.xcassets */,
				DEA8555B2868F20F003BFE06 /* LaunchScreen.storyboard */,
			);
			path = Resources;
			sourceTree = "<group>";
		};
		DEA8556B286904F3003BFE06 /* View */ = {
			isa = PBXGroup;
			children = (
				DEA855562868F20D003BFE06 /* Main.storyboard */,
			);
			path = View;
			sourceTree = "<group>";
		};
		DEA8556C286904FE003BFE06 /* Controllers */ = {
			isa = PBXGroup;
			children = (
				DEA855542868F20D003BFE06 /* HomeViewController.swift */,
				DEA8556D28690507003BFE06 /* Cells */,
			);
			path = Controllers;
			sourceTree = "<group>";
		};
		DEA8556D28690507003BFE06 /* Cells */ = {
			isa = PBXGroup;
			children = (
				DEA855642868F3DB003BFE06 /* CustomTableViewCell.swift */,
			);
			path = Cells;
			sourceTree = "<group>";
		};
		DEA8556E28690513003BFE06 /* Model */ = {
			isa = PBXGroup;
			children = (
				DEA855662868F97C003BFE06 /* Model.swift */,
			);
			path = Model;
			sourceTree = "<group>";
		};
		DEA8556F28690516003BFE06 /* WebService */ = {
			isa = PBXGroup;
			children = (
				DEA855682868F995003BFE06 /* Service.swift */,
			);
			path = WebService;
			sourceTree = "<group>";
		};
/* End PBXGroup section */

/* Begin PBXNativeTarget section */
		DEA8554C2868F20D003BFE06 /* TableView w CustomCell Tutorial */ = {
			isa = PBXNativeTarget;
			buildConfigurationList = DEA855612868F20F003BFE06 /* Build configuration list for PBXNativeTarget "TableView w CustomCell Tutorial" */;
			buildPhases = (
				DEA855492868F20D003BFE06 /* Sources */,
				DEA8554A2868F20D003BFE06 /* Frameworks */,
				DEA8554B2868F20D003BFE06 /* Resources */,
			);
			buildRules = (
			);
			dependencies = (
			);
			name = "TableView w CustomCell Tutorial";
			productName = "TableView w CustomCell Tutorial";
			productReference = DEA8554D2868F20D003BFE06 /* TableView w CustomCell Tutorial.app */;
			productType = "com.apple.product-type.application";
		};
/* End PBXNativeTarget section */

/* Begin PBXProject section */
		DEA855452868F20D003BFE06 /* Project object */ = {
			isa = PBXProject;
			attributes = {
				BuildIndependentTargetsInParallel = 1;
				LastSwiftUpdateCheck = 1320;
				LastUpgradeCheck = 1320;
				TargetAttributes = {
					DEA8554C2868F20D003BFE06 = {
						CreatedOnToolsVersion = 13.2.1;
					};
				};
			};
			buildConfigurationList = DEA855482868F20D003BFE06 /* Build configuration list for PBXProject "TableView w CustomCell Tutorial" */;
			compatibilityVersion = "Xcode 13.0";
			developmentRegion = en;
			hasScannedForEncodings = 0;
			knownRegions = (
				en,
				Base,
			);
			mainGroup = DEA855442868F20D003BFE06;
			productRefGroup = DEA8554E2868F20D003BFE06 /* Products */;
			projectDirPath = "";
			projectRoot = "";
			targets = (
				DEA8554C2868F20D003BFE06 /* TableView w CustomCell Tutorial */,
			);
		};
/* End PBXProject section */

/* Begin PBXResourcesBuildPhase section */
		DEA8554B2868F20D003BFE06 /* Resources */ = {
			isa = PBXResourcesBuildPhase;
			buildActionMask = 2147483647;
			files = (
				DEA8555D2868F20F003BFE06 /* LaunchScreen.storyboard in Resources */,
				DEA8555A2868F20F003BFE06 /* Assets.xcassets in Resources */,
				DEA855582868F20D003BFE06 /* Main.storyboard in Resources */,
			);
			runOnlyForDeploymentPostprocessing = 0;
		};
/* End PBXResourcesBuildPhase section */

/* Begin PBXSourcesBuildPhase section */
		DEA855492868F20D003BFE06 /* Sources */ = {
			isa = PBXSourcesBuildPhase;
			buildActionMask = 2147483647;
			files = (
				DEA855672868F97C003BFE06 /* Model.swift in Sources */,
				DEA855552868F20D003BFE06 /* HomeViewController.swift in Sources */,
				DEA855512868F20D003BFE06 /* AppDelegate.swift in Sources */,
				DEA855652868F3DB003BFE06 /* CustomTableViewCell.swift in Sources */,
				DEA855532868F20D003BFE06 /* SceneDelegate.swift in Sources */,
				DEA855692868F995003BFE06 /* Service.swift in Sources */,
			);
			runOnlyForDeploymentPostprocessing = 0;
		};
/* End PBXSourcesBuildPhase section */

/* Begin PBXVariantGroup section */
		DEA855562868F20D003BFE06 /* Main.storyboard */ = {
			isa = PBXVariantGroup;
			children = (
				DEA855572868F20D003BFE06 /* Base */,
			);
			name = Main.storyboard;
			sourceTree = "<group>";
		};
		DEA8555B2868F20F003BFE06 /* LaunchScreen.storyboard */ = {
			isa = PBXVariantGroup;
			children = (
				DEA8555C2868F20F003BFE06 /* Base */,
			);
			name = LaunchScreen.storyboard;
			sourceTree = "<group>";
		};
/* End PBXVariantGroup section */

/* Begin XCBuildConfiguration section */
		DEA8555F2868F20F003BFE06 /* Debug */ = {
			isa = XCBuildConfiguration;
			buildSettings = {
				ALWAYS_SEARCH_USER_PATHS = NO;
				CLANG_ANALYZER_NONNULL = YES;
				CLANG_ANALYZER_NUMBER_OBJECT_CONVERSION = YES_AGGRESSIVE;
				CLANG_CXX_LANGUAGE_STANDARD = "gnu++17";
				CLANG_CXX_LIBRARY = "libc++";
				CLANG_ENABLE_MODULES = YES;
				CLANG_ENABLE_OBJC_ARC = YES;
				CLANG_ENABLE_OBJC_WEAK = YES;
				CLANG_WARN_BLOCK_CAPTURE_AUTORELEASING = YES;
				CLANG_WARN_BOOL_CONVERSION = YES;
				CLANG_WARN_COMMA = YES;
				CLANG_WARN_CONSTANT_CONVERSION = YES;
				CLANG_WARN_DEPRECATED_OBJC_IMPLEMENTATIONS = YES;
				CLANG_WARN_DIRECT_OBJC_ISA_USAGE = YES_ERROR;
				CLANG_WARN_DOCUMENTATION_COMMENTS = YES;
				CLANG_WARN_EMPTY_BODY = YES;
				CLANG_WARN_ENUM_CONVERSION = YES;
				CLANG_WARN_INFINITE_RECURSION = YES;
				CLANG_WARN_INT_CONVERSION = YES;
				CLANG_WARN_NON_LITERAL_NULL_CONVERSION = YES;
				CLANG_WARN_OBJC_IMPLICIT_RETAIN_SELF = YES;
				CLANG_WARN_OBJC_LITERAL_CONVERSION = YES;
				CLANG_WARN_OBJC_ROOT_CLASS = YES_ERROR;
				CLANG_WARN_QUOTED_INCLUDE_IN_FRAMEWORK_HEADER = YES;
				CLANG_WARN_RANGE_LOOP_ANALYSIS = YES;
				CLANG_WARN_STRICT_PROTOTYPES = YES;
				CLANG_WARN_SUSPICIOUS_MOVE = YES;
				CLANG_WARN_UNGUARDED_AVAILABILITY = YES_AGGRESSIVE;
				CLANG_WARN_UNREACHABLE_CODE = YES;
				CLANG_WARN__DUPLICATE_METHOD_MATCH = YES;
				COPY_PHASE_STRIP = NO;
				DEBUG_INFORMATION_FORMAT = dwarf;
				ENABLE_STRICT_OBJC_MSGSEND = YES;
				ENABLE_TESTABILITY = YES;
				GCC_C_LANGUAGE_STANDARD = gnu11;
				GCC_DYNAMIC_NO_PIC = NO;
				GCC_NO_COMMON_BLOCKS = YES;
				GCC_OPTIMIZATION_LEVEL = 0;
				GCC_PREPROCESSOR_DEFINITIONS = (
					"DEBUG=1",
					"$(inherited)",
				);
				GCC_WARN_64_TO_32_BIT_CONVERSION = YES;
				GCC_WARN_ABOUT_RETURN_TYPE = YES_ERROR;
				GCC_WARN_UNDECLARED_SELECTOR = YES;
				GCC_WARN_UNINITIALIZED_AUTOS = YES_AGGRESSIVE;
				GCC_WARN_UNUSED_FUNCTION = YES;
				GCC_WARN_UNUSED_VARIABLE = YES;
				IPHONEOS_DEPLOYMENT_TARGET = 15.2;
				MTL_ENABLE_DEBUG_INFO = INCLUDE_SOURCE;
				MTL_FAST_MATH = YES;
				ONLY_ACTIVE_ARCH = YES;
				SDKROOT = iphoneos;
				SWIFT_ACTIVE_COMPILATION_CONDITIONS = DEBUG;
				SWIFT_OPTIMIZATION_LEVEL = "-Onone";
			};
			name = Debug;
		};
		DEA855602868F20F003BFE06 /* Release */ = {
			isa = XCBuildConfiguration;
			buildSettings = {
				ALWAYS_SEARCH_USER_PATHS = NO;
				CLANG_ANALYZER_NONNULL = YES;
				CLANG_ANALYZER_NUMBER_OBJECT_CONVERSION = YES_AGGRESSIVE;
				CLANG_CXX_LANGUAGE_STANDARD = "gnu++17";
				CLANG_CXX_LIBRARY = "libc++";
				CLANG_ENABLE_MODULES = YES;
				CLANG_ENABLE_OBJC_ARC = YES;
				CLANG_ENABLE_OBJC_WEAK = YES;
				CLANG_WARN_BLOCK_CAPTURE_AUTORELEASING = YES;
				CLANG_WARN_BOOL_CONVERSION = YES;
				CLANG_WARN_COMMA = YES;
				CLANG_WARN_CONSTANT_CONVERSION = YES;
				CLANG_WARN_DEPRECATED_OBJC_IMPLEMENTATIONS = YES;
				CLANG_WARN_DIRECT_OBJC_ISA_USAGE = YES_ERROR;
				CLANG_WARN_DOCUMENTATION_COMMENTS = YES;
				CLANG_WARN_EMPTY_BODY = YES;
				CLANG_WARN_ENUM_CONVERSION = YES;
				CLANG_WARN_INFINITE_RECURSION = YES;
				CLANG_WARN_INT_CONVERSION = YES;
				CLANG_WARN_NON_LITERAL_NULL_CONVERSION = YES;
				CLANG_WARN_OBJC_IMPLICIT_RETAIN_SELF = YES;
				CLANG_WARN_OBJC_LITERAL_CONVERSION = YES;
				CLANG_WARN_OBJC_ROOT_CLASS = YES_ERROR;
				CLANG_WARN_QUOTED_INCLUDE_IN_FRAMEWORK_HEADER = YES;
				CLANG_WARN_RANGE_LOOP_ANALYSIS = YES;
				CLANG_WARN_STRICT_PROTOTYPES = YES;
				CLANG_WARN_SUSPICIOUS_MOVE = YES;
				CLANG_WARN_UNGUARDED_AVAILABILITY = YES_AGGRESSIVE;
				CLANG_WARN_UNREACHABLE_CODE = YES;
				CLANG_WARN__DUPLICATE_METHOD_MATCH = YES;
				COPY_PHASE_STRIP = NO;
				DEBUG_INFORMATION_FORMAT = "dwarf-with-dsym";
				ENABLE_NS_ASSERTIONS = NO;
				ENABLE_STRICT_OBJC_MSGSEND = YES;
				GCC_C_LANGUAGE_STANDARD = gnu11;
				GCC_NO_COMMON_BLOCKS = YES;
				GCC_WARN_64_TO_32_BIT_CONVERSION = YES;
				GCC_WARN_ABOUT_RETURN_TYPE = YES_ERROR;
				GCC_WARN_UNDECLARED_SELECTOR = YES;
				GCC_WARN_UNINITIALIZED_AUTOS = YES_AGGRESSIVE;
				GCC_WARN_UNUSED_FUNCTION = YES;
				GCC_WARN_UNUSED_VARIABLE = YES;
				IPHONEOS_DEPLOYMENT_TARGET = 15.2;
				MTL_ENABLE_DEBUG_INFO = NO;
				MTL_FAST_MATH = YES;
				SDKROOT = iphoneos;
				SWIFT_COMPILATION_MODE = wholemodule;
				SWIFT_OPTIMIZATION_LEVEL = "-O";
				VALIDATE_PRODUCT = YES;
			};
			name = Release;
		};
		DEA855622868F20F003BFE06 /* Debug */ = {
			isa = XCBuildConfiguration;
			buildSettings = {
				ASSETCATALOG_COMPILER_APPICON_NAME = AppIcon;
				ASSETCATALOG_COMPILER_GLOBAL_ACCENT_COLOR_NAME = AccentColor;
				CODE_SIGN_STYLE = Automatic;
				CURRENT_PROJECT_VERSION = 1;
				DEVELOPMENT_TEAM = 7CRNJ953YN;
				GENERATE_INFOPLIST_FILE = YES;
				INFOPLIST_FILE = "TableView w CustomCell Tutorial/Info.plist";
				INFOPLIST_KEY_UIApplicationSupportsIndirectInputEvents = YES;
				INFOPLIST_KEY_UILaunchStoryboardName = LaunchScreen;
				INFOPLIST_KEY_UIMainStoryboardFile = Main;
				INFOPLIST_KEY_UISupportedInterfaceOrientations_iPad = "UIInterfaceOrientationPortrait UIInterfaceOrientationPortraitUpsideDown UIInterfaceOrientationLandscapeLeft UIInterfaceOrientationLandscapeRight";
				INFOPLIST_KEY_UISupportedInterfaceOrientations_iPhone = "UIInterfaceOrientationPortrait UIInterfaceOrientationLandscapeLeft UIInterfaceOrientationLandscapeRight";
				LD_RUNPATH_SEARCH_PATHS = (
					"$(inherited)",
					"@executable_path/Frameworks",
				);
				MARKETING_VERSION = 1.0;
				PRODUCT_BUNDLE_IDENTIFIER = "com.omerKilicaslan.TableView-w-CustomCell-Tutorial";
				PRODUCT_NAME = "$(TARGET_NAME)";
				SWIFT_EMIT_LOC_STRINGS = YES;
				SWIFT_VERSION = 5.0;
				TARGETED_DEVICE_FAMILY = "1,2";
			};
			name = Debug;
		};
		DEA855632868F20F003BFE06 /* Release */ = {
			isa = XCBuildConfiguration;
			buildSettings = {
				ASSETCATALOG_COMPILER_APPICON_NAME = AppIcon;
				ASSETCATALOG_COMPILER_GLOBAL_ACCENT_COLOR_NAME = AccentColor;
				CODE_SIGN_STYLE = Automatic;
				CURRENT_PROJECT_VERSION = 1;
				DEVELOPMENT_TEAM = 7CRNJ953YN;
				GENERATE_INFOPLIST_FILE = YES;
				INFOPLIST_FILE = "TableView w CustomCell Tutorial/Info.plist";
				INFOPLIST_KEY_UIApplicationSupportsIndirectInputEvents = YES;
				INFOPLIST_KEY_UILaunchStoryboardName = LaunchScreen;
				INFOPLIST_KEY_UIMainStoryboardFile = Main;
				INFOPLIST_KEY_UISupportedInterfaceOrientations_iPad = "UIInterfaceOrientationPortrait UIInterfaceOrientationPortraitUpsideDown UIInterfaceOrientationLandscapeLeft UIInterfaceOrientationLandscapeRight";
				INFOPLIST_KEY_UISupportedInterfaceOrientations_iPhone = "UIInterfaceOrientationPortrait UIInterfaceOrientationLandscapeLeft UIInterfaceOrientationLandscapeRight";
				LD_RUNPATH_SEARCH_PATHS = (
					"$(inherited)",
					"@executable_path/Frameworks",
				);
				MARKETING_VERSION = 1.0;
				PRODUCT_BUNDLE_IDENTIFIER = "com.omerKilicaslan.TableView-w-CustomCell-Tutorial";
				PRODUCT_NAME = "$(TARGET_NAME)";
				SWIFT_EMIT_LOC_STRINGS = YES;
				SWIFT_VERSION = 5.0;
				TARGETED_DEVICE_FAMILY = "1,2";
			};
			name = Release;
		};
/* End XCBuildConfiguration section */

/* Begin XCConfigurationList section */
		DEA855482868F20D003BFE06 /* Build configuration list for PBXProject "TableView w CustomCell Tutorial" */ = {
			isa = XCConfigurationList;
			buildConfigurations = (
				DEA8555F2868F20F003BFE06 /* Debug */,
				DEA855602868F20F003BFE06 /* Release */,
			);
			defaultConfigurationIsVisible = 0;
			defaultConfigurationName = Release;
		};
		DEA855612868F20F003BFE06 /* Build configuration list for PBXNativeTarget "TableView w CustomCell Tutorial" */ = {
			isa = XCConfigurationList;
			buildConfigurations = (
				DEA855622868F20F003BFE06 /* Debug */,
				DEA855632868F20F003BFE06 /* Release */,
			);
			defaultConfigurationIsVisible = 0;
			defaultConfigurationName = Release;
		};
/* End XCConfigurationList section */
	};
	rootObject = DEA855452868F20D003BFE06 /* Project object */;
}
